{
  "files":{
    "sites/whwg/content/about.md":{
      "last_modified_ts":"2025-03-09T00:33:35Z",
      "checksum":"95541378cfc2a3c2d9815075d2169945",
      "file_size":"1.38 KiB"
    },
    "sites/whwg/content/newsletters/newsletter 1 - introductions, plans, hopes, dreams, fears!.md":{
      "last_modified_ts":"2025-03-09T00:33:35Z",
      "checksum":"68b329da9893e34099c7d8ad5cb9c940",
      "file_size":"879.00 B"
    }
  }
}