{
  "files":{
    "sites/rorschach/content/commentary/the task of our time.md":{
      "last_modified_ts":"2025-03-09T00:55:13Z",
      "file_size":"1.04 KiB",
      "checksum":"1c79a5278355a0f150dad643739948a9"
    },
    "sites/rorschach/content/commentary/art for a dying empire.md":{
      "last_modified_ts":"2025-03-09T00:55:13Z",
      "file_size":"846.00 B",
      "checksum":"68b329da9893e34099c7d8ad5cb9c940"
    },
    "sites/rorschach/content/commentary/the republic that was promised.md":{
      "last_modified_ts":"2025-03-09T00:55:12Z",
      "file_size":"854.00 B",
      "checksum":"68b329da9893e34099c7d8ad5cb9c940"
    },
    "sites/rorschach/content/commentary/what is real is not.md":{
      "last_modified_ts":"2025-03-09T00:55:12Z",
      "file_size":"1.03 KiB",
      "checksum":"56f5f58f5c6409ae030c2b532b38de02"
    },
    "sites/rorschach/content/ledger/favorite books.md":{
      "last_modified_ts":"2025-03-09T00:55:14Z",
      "file_size":"949.00 B",
      "checksum":"e0db7ee20903be932ada7a375dae9c36"
    },
    "sites/rorschach/content/commentary/imagine you are siri keeton.md":{
      "last_modified_ts":"2025-03-09T00:55:13Z",
      "file_size":"851.00 B",
      "checksum":"68b329da9893e34099c7d8ad5cb9c940"
    },
    "sites/rorschach/content/quips.md":{
      "last_modified_ts":"2025-03-09T00:55:13Z",
      "file_size":"921.00 B",
      "checksum":"00d3b72989754ea3bc45fc87283a86a3"
    },
    "sites/rorschach/content/commentary/the battle of my life.md":{
      "last_modified_ts":"2025-03-09T00:55:12Z",
      "file_size":"1.04 KiB",
      "checksum":"e11d0bdc043d51ac853d1ba86071d654"
    },
    "sites/rorschach/content/projects.md":{
      "last_modified_ts":"2025-03-09T00:55:13Z",
      "file_size":"1.09 KiB",
      "checksum":"0fbef9e6883406a9125478982ff5edd0"
    },
    "sites/rorschach/content/about.md":{
      "last_modified_ts":"2025-03-09T00:55:13Z",
      "file_size":"812.00 B",
      "checksum":"e18be70a3981580f1e7464786e561b24"
    }
  }
}