{
  "files":{
    "sites/rorschach/content/commentary/the task of our time.md":{
      "metadata_checksum":"f1d249741d9b684ae9372fafd72052aa",
      "checksum":"f306f539e5c906b01cc3bf74384281a1",
      "last_modified_ts":"2026-01-02T05:24:08Z",
      "file_size":"1.05 KiB"
    },
    "sites/rorschach/content/quips.md":{
      "metadata_checksum":"717c88b9fcf790ba6c28a37db6b55831",
      "checksum":"68b329da9893e34099c7d8ad5cb9c940",
      "last_modified_ts":"2026-01-02T05:24:08Z",
      "file_size":"745.00 B"
    },
    "sites/rorschach/content/commentary/imagine you are siri keeton.md":{
      "metadata_checksum":"2724605debf3aa660ed858e5f676e55c",
      "checksum":"68b329da9893e34099c7d8ad5cb9c940",
      "last_modified_ts":"2025-03-09T00:55:13Z",
      "file_size":"851.00 B"
    },
    "sites/rorschach/content/commentary/on artificial intelligence.md":{
      "metadata_checksum":"25c79beb7593ccacdb6a8afdd1849157",
      "checksum":"ae6e8e1db0848aab039950c63055db74",
      "last_modified_ts":"2026-01-02T05:24:08Z",
      "file_size":"1.37 KiB"
    },
    "sites/rorschach/content/commentary/art for a dying empire.md":{
      "metadata_checksum":"07f10f34f6d12ef5423c86d4068c22d1",
      "checksum":"68b329da9893e34099c7d8ad5cb9c940",
      "last_modified_ts":"2025-03-09T00:55:13Z",
      "file_size":"846.00 B"
    },
    "sites/rorschach/content/projects.md":{
      "metadata_checksum":"67d12d2007aadd4c13b2ba853e7066ba",
      "checksum":"0fbef9e6883406a9125478982ff5edd0",
      "last_modified_ts":"2025-03-09T00:55:13Z",
      "file_size":"1.09 KiB"
    },
    "sites/rorschach/content/ledger/favorite books.md":{
      "metadata_checksum":"1c3168eae1efd6b3c5923ab8a135c92c",
      "checksum":"d633a57abecaaa71e4a64cdd48395a76",
      "last_modified_ts":"2026-01-02T21:49:28Z",
      "file_size":"3.20 KiB"
    },
    "sites/rorschach/content/about.md":{
      "metadata_checksum":"99914b932bd37a50b983c5e7c90ae93b",
      "checksum":"e18be70a3981580f1e7464786e561b24",
      "last_modified_ts":"2025-03-09T00:55:13Z",
      "file_size":"812.00 B"
    },
    "sites/rorschach/content/commentary/the battle of my life.md":{
      "metadata_checksum":"9f2d2b1c553e9823fbff13c636ea0b0f",
      "checksum":"e11d0bdc043d51ac853d1ba86071d654",
      "last_modified_ts":"2025-03-09T00:55:12Z",
      "file_size":"1.04 KiB"
    },
    "sites/rorschach/content/commentary/the republic that was promised.md":{
      "metadata_checksum":"3f2c8a94c35fe1318873340803152d05",
      "checksum":"68b329da9893e34099c7d8ad5cb9c940",
      "last_modified_ts":"2025-03-09T00:55:12Z",
      "file_size":"854.00 B"
    },
    "sites/rorschach/content/commentary/what is real is not.md":{
      "metadata_checksum":"0d7beaf9bcc7e492c72ba3b857071b07",
      "checksum":"56f5f58f5c6409ae030c2b532b38de02",
      "last_modified_ts":"2025-03-09T00:55:12Z",
      "file_size":"1.03 KiB"
    }
  }
}