{
  "files":{
    "sites/dupe_sh/content/bookshelf/curriculums/interview prep/python programming cheatsheet.md":{
      "file_size":"25.43 KiB",
      "metadata_checksum":"99914b932bd37a50b983c5e7c90ae93b",
      "last_modified_ts":"2024-12-13T23:28:25Z",
      "checksum":"d30b12a93e43e789cad9d1ebbc0930c0"
    },
    "sites/dupe_sh/content/bookshelf/on programming.md":{
      "file_size":"1.14 KiB",
      "last_modified_ts":"2024-10-05T17:56:47Z",
      "checksum":"8584372367be600244777464368285d8"
    },
    "sites/dupe_sh/content/bookshelf/curriculums/interview prep/interview categories.md":{
      "file_size":"1.99 KiB",
      "metadata_checksum":"2724605debf3aa660ed858e5f676e55c",
      "last_modified_ts":"2026-01-02T00:13:04Z",
      "checksum":"a91ee23d2e5f9713de80a72df3dd4a70"
    },
    "sites/dupe_sh/content/links.md":{
      "file_size":"1.72 KiB",
      "metadata_checksum":"99914b932bd37a50b983c5e7c90ae93b",
      "last_modified_ts":"2025-12-31T21:01:20Z",
      "checksum":"07e32fa4c19522c36c644bffe460aba8"
    },
    "sites/dupe_sh/content/bookshelf/curriculums/interview prep/caching/in-memory KV stores.md":{
      "file_size":"685.00 B",
      "metadata_checksum":"99914b932bd37a50b983c5e7c90ae93b",
      "last_modified_ts":"2024-11-03T19:56:33Z",
      "checksum":"ebeab9b718f38eed92d622e6ea4e53e7"
    },
    "sites/dupe_sh/content/now.md":{
      "file_size":"3.52 KiB",
      "metadata_checksum":"99914b932bd37a50b983c5e7c90ae93b",
      "last_modified_ts":"2026-01-02T00:23:58Z",
      "checksum":"49c75e17e40e3550c6df239400229a22"
    },
    "sites/dupe_sh/content/bookshelf/curriculums/interview prep/storing data/embedded databases.md":{
      "file_size":"1.49 KiB",
      "metadata_checksum":"7498978242ee48be1c319a3bd00cf364",
      "last_modified_ts":"2026-01-02T00:13:04Z",
      "checksum":"0ff400082f145fe9ea840e5694e0f06d"
    },
    "sites/dupe_sh/content/bookshelf/curriculums/interview prep/domain specific/authorization & authentication.md":{
      "file_size":"3.49 KiB",
      "metadata_checksum":"15cb1aa6213a41c4c954d7f0671570da",
      "last_modified_ts":"2026-01-02T00:13:04Z",
      "checksum":"c3395697155d1132142de2f5d4ca8629"
    },
    "sites/dupe_sh/content/manuscripts/2025 - an artistic and personal retrospective.md":{
      "file_size":"2.97 KiB",
      "metadata_checksum":"22458394ecc6643d81d2bde79d0ba86d",
      "last_modified_ts":"2026-01-05T02:03:06Z",
      "checksum":"1ae982a2b5e23e70b4afebc98a4a6e3c"
    },
    "sites/dupe_sh/content/manuscripts/not another.md":{
      "file_size":"648.00 B",
      "metadata_checksum":"25c79beb7593ccacdb6a8afdd1849157",
      "last_modified_ts":"2024-10-15T14:34:25Z",
      "checksum":"68b329da9893e34099c7d8ad5cb9c940"
    },
    "sites/dupe_sh/content/bookshelf/curriculums/interview prep/case studies/bluesky.md":{
      "file_size":"5.08 KiB",
      "metadata_checksum":"2724605debf3aa660ed858e5f676e55c",
      "last_modified_ts":"2026-01-02T00:13:04Z",
      "checksum":"afcd7a02670134d14ab1116410026021"
    },
    "sites/dupe_sh/content/manuscripts/in-n-out, my brief stint at princeton.md":{
      "file_size":"7.16 KiB",
      "metadata_checksum":"11d78d29b522756507d9b95bc09f485b",
      "last_modified_ts":"2026-01-02T00:57:56Z",
      "checksum":"2d5685285dce74f30e5b23c5263a6d50"
    },
    "sites/dupe_sh/content/bookshelf/curriculums/deep systems programming.md":{
      "file_size":"818.00 B",
      "metadata_checksum":"99914b932bd37a50b983c5e7c90ae93b",
      "last_modified_ts":"2024-10-05T18:37:40Z",
      "checksum":"a602efece60585f0e87a3be352fc18d2"
    },
    "sites/dupe_sh/content/bookshelf/curriculums/interview prep/programming paradigms/concurrency, parallelism, multithreading.md":{
      "file_size":"3.52 KiB",
      "metadata_checksum":"bee4d5e6d4b89da8fbf5a46d1a1d5bfc",
      "last_modified_ts":"2026-01-02T00:13:04Z",
      "checksum":"7a03db5c1b5813615b5fbd881831b596"
    },
    "sites/dupe_sh/content/bookshelf/on programming/providing evidence.md":{
      "file_size":"754.00 B",
      "metadata_checksum":"25c79beb7593ccacdb6a8afdd1849157",
      "last_modified_ts":"2024-10-15T14:34:26Z",
      "checksum":"5d3e620bba38281b872b2dc7aad81781"
    },
    "sites/dupe_sh/content/gallery/index.toml":{
      "file_size":"1.03 KiB",
      "metadata_checksum":"99914b932bd37a50b983c5e7c90ae93b",
      "last_modified_ts":"2026-01-02T05:50:59Z",
      "checksum":"1f3dcf0b6d1af3b3e41396cc760202d2"
    },
    "sites/dupe_sh/content/workshop/project ultima.md":{
      "file_size":"651.00 B",
      "metadata_checksum":"25c79beb7593ccacdb6a8afdd1849157",
      "last_modified_ts":"2024-10-17T01:49:37Z",
      "checksum":"68b329da9893e34099c7d8ad5cb9c940"
    },
    "sites/dupe_sh/content/about.md":{
      "file_size":"2.51 KiB",
      "metadata_checksum":"99914b932bd37a50b983c5e7c90ae93b",
      "last_modified_ts":"2026-01-02T00:38:13Z",
      "checksum":"f00374f8ecd52052a22bd134031a233f"
    },
    "sites/dupe_sh/content/bookshelf/on programming/rules-of-programming.md":{
      "file_size":"887.00 B",
      "metadata_checksum":"99914b932bd37a50b983c5e7c90ae93b",
      "last_modified_ts":"2025-03-07T21:58:44Z",
      "checksum":"9fc067e00c9f74e729e0301156f1e71c"
    },
    "sites/dupe_sh/content/bookshelf/curriculums/interview prep/APIs & web technologies/reverse proxies.md":{
      "file_size":"1.36 KiB",
      "metadata_checksum":"2724605debf3aa660ed858e5f676e55c",
      "last_modified_ts":"2026-01-02T00:13:04Z",
      "checksum":"5904f6f7714e85a14c28f1fda040eb39"
    },
    "sites/dupe_sh/content/manuscripts/on art.md":{
      "file_size":"846.00 B",
      "metadata_checksum":"25c79beb7593ccacdb6a8afdd1849157",
      "last_modified_ts":"2024-10-17T01:49:39Z",
      "checksum":"64219dd239fb3f367d3a3cb6a1b40fdd"
    },
    "sites/dupe_sh/content/bookshelf/curriculums/interview prep/distributed systems/concepts & techniques.md":{
      "file_size":"1.61 KiB",
      "metadata_checksum":"99914b932bd37a50b983c5e7c90ae93b",
      "last_modified_ts":"2024-11-27T20:43:04Z",
      "checksum":"69fdbe43b4253c580a57158ced96783c"
    },
    "sites/dupe_sh/content/draft.md":{
      "file_size":"642.00 B",
      "last_modified_ts":"2024-10-13T19:04:05Z",
      "checksum":"68b329da9893e34099c7d8ad5cb9c940"
    },
    "sites/dupe_sh/static/images/clothing-studies.jpeg":{
      "file_size":"819.97 KiB",
      "last_modified_ts":"2024-10-12T20:26:59Z",
      "checksum":"aa64f142161d23e706f9244e59b7c661"
    },
    "sites/dupe_sh/content/bookshelf/snippets.md":{
      "file_size":"5.63 KiB",
      "metadata_checksum":"99914b932bd37a50b983c5e7c90ae93b",
      "last_modified_ts":"2024-11-27T20:43:07Z",
      "checksum":"7ada7dbd14bc2440d457fb3d4be5fbb4"
    },
    "sites/dupe_sh/content/bookshelf/curriculums/interview prep/good old coding/recursive backtracking.md":{
      "file_size":"4.14 KiB",
      "metadata_checksum":"38130b6a2e7961bed79fe22ad7ce4ae7",
      "last_modified_ts":"2026-01-02T00:13:04Z",
      "checksum":"98f409fb2a27c8740f825a2e81c1396e"
    },
    "sites/dupe_sh/content/bookshelf/curriculums/interview prep/asynchronous communication/sagas.md":{
      "file_size":"1.14 KiB",
      "metadata_checksum":"944a05b23d2595a498236bf855b22841",
      "last_modified_ts":"2026-01-02T00:13:04Z",
      "checksum":"68b329da9893e34099c7d8ad5cb9c940"
    },
    "sites/dupe_sh/content/bookshelf/curriculums/interview prep/storing data/replication.md":{
      "file_size":"735.00 B",
      "metadata_checksum":"99914b932bd37a50b983c5e7c90ae93b",
      "last_modified_ts":"2024-11-03T20:37:19Z",
      "checksum":"c56b73ee94c49f96b83362430ea56a16"
    },
    "sites/dupe_sh/content/bookshelf/curriculums/interview prep/APIs & web technologies/communication protocols.md":{
      "file_size":"2.22 KiB",
      "metadata_checksum":"8182a6ff42c407dfd1c84d20de92b9d5",
      "last_modified_ts":"2026-01-02T00:13:04Z",
      "checksum":"a49cf59b643ac3df6980f2bb500fa65d"
    },
    "sites/dupe_sh/content/bookshelf/curriculums/interview prep/systems design core concepts.md":{
      "file_size":"6.39 KiB",
      "metadata_checksum":"99914b932bd37a50b983c5e7c90ae93b",
      "last_modified_ts":"2024-11-20T01:31:11Z",
      "checksum":"ff100967b137460a598c4c364127db94"
    },
    "sites/dupe_sh/content/bookshelf/on programming/ocaml-notes.md":{
      "file_size":"1.08 KiB",
      "metadata_checksum":"99914b932bd37a50b983c5e7c90ae93b",
      "last_modified_ts":"2025-03-07T21:58:43Z",
      "checksum":"f379a8ed8b3fb45719694618ffba9349"
    },
    "sites/dupe_sh/content/bookshelf/curriculums/interview prep/good old coding/stacks on stacks.md":{
      "file_size":"6.02 KiB",
      "metadata_checksum":"20c17d2187eab0c1ddaba72941b0d6bb",
      "last_modified_ts":"2026-01-02T00:13:04Z",
      "checksum":"4090fba8035b9684c05e2defb9ca9a88"
    },
    "sites/dupe_sh/content/bookshelf/curriculums/interview prep/asynchronous communication/event sourcing.md":{
      "file_size":"1.15 KiB",
      "metadata_checksum":"944a05b23d2595a498236bf855b22841",
      "last_modified_ts":"2026-01-02T00:13:04Z",
      "checksum":"68b329da9893e34099c7d8ad5cb9c940"
    },
    "sites/dupe_sh/content/gallery/clothing studies.md":{
      "file_size":"653.00 B",
      "last_modified_ts":"2024-10-12T20:23:04Z",
      "checksum":"68b329da9893e34099c7d8ad5cb9c940"
    },
    "sites/dupe_sh/content/test.md":{
      "file_size":"870.00 B",
      "metadata_checksum":"25c79beb7593ccacdb6a8afdd1849157",
      "last_modified_ts":"2024-11-27T21:15:07Z",
      "checksum":"84eb0b8ff0a859ac8d3e3b1f40cf0155"
    },
    "sites/dupe_sh/static/images/blue_sky.png":{
      "file_size":"275.68 KiB",
      "last_modified_ts":"2024-11-20T21:15:12Z",
      "checksum":"9cf52c4279fa4c7d38d5f8a50febd019"
    },
    "sites/dupe_sh/content/home.md":{
      "file_size":"2.04 KiB",
      "last_modified_ts":"2024-10-05T17:56:46Z",
      "checksum":"64624689c2551cbbbff0ceae9b4b1c1b"
    },
    "sites/dupe_sh/content/bookshelf/curriculums/interview prep/domain specific/financial applications.md":{
      "file_size":"1.31 KiB",
      "metadata_checksum":"2724605debf3aa660ed858e5f676e55c",
      "last_modified_ts":"2026-01-02T00:13:04Z",
      "checksum":"1392ba39bd2e0fa672aedaef3dbd2d35"
    },
    "sites/dupe_sh/content/bookshelf/on programming/tuples.md":{
      "file_size":"1.18 KiB",
      "metadata_checksum":"99914b932bd37a50b983c5e7c90ae93b",
      "last_modified_ts":"2024-10-16T03:18:02Z",
      "checksum":"f6df6be54414add401be7303d2cb9801"
    },
    "sites/dupe_sh/content/bookshelf/curriculums/interview prep/asynchronous communication/transactional outbox.md":{
      "file_size":"1.15 KiB",
      "metadata_checksum":"944a05b23d2595a498236bf855b22841",
      "last_modified_ts":"2026-01-02T00:13:04Z",
      "checksum":"68b329da9893e34099c7d8ad5cb9c940"
    },
    "sites/dupe_sh/content/bookshelf/on programming/rust cheatsheet.md":{
      "file_size":"5.81 KiB",
      "metadata_checksum":"80c7c22e899eb25e10c6963f4f33379e",
      "last_modified_ts":"2026-01-02T00:13:04Z",
      "checksum":"9f8599b1099a1f4068bfc4175b4e0d37"
    },
    "sites/dupe_sh/content/bookshelf/curriculums/interview prep/querying and data models/transactions.md":{
      "file_size":"4.67 KiB",
      "metadata_checksum":"99914b932bd37a50b983c5e7c90ae93b",
      "last_modified_ts":"2024-11-03T21:50:06Z",
      "checksum":"a67474a959bf7b07d57d58c4716f3cc5"
    },
    "sites/dupe_sh/static/images/sea-turtle.jpeg":{
      "file_size":"5.22 MiB",
      "last_modified_ts":"2024-10-13T20:11:40Z",
      "checksum":"5708d1af46d585f62c6c130088414916"
    },
    "sites/dupe_sh/content/bookshelf/curriculums/interview prep/distributed systems/main concepts.md":{
      "file_size":"918.00 B",
      "last_modified_ts":"2024-11-03T21:29:21Z",
      "checksum":"42c05d0def64ac706765175a64a56a3d"
    },
    "sites/dupe_sh/content/bookshelf/curriculums/interview prep/about.md":{
      "file_size":"1.54 KiB",
      "metadata_checksum":"80c7c22e899eb25e10c6963f4f33379e",
      "last_modified_ts":"2026-01-02T00:13:04Z",
      "checksum":"6d0178df801206ecc429d289504f0bb8"
    },
    "sites/dupe_sh/content/consciousness.md":{
      "file_size":"946.00 B",
      "metadata_checksum":"25c79beb7593ccacdb6a8afdd1849157",
      "last_modified_ts":"2024-10-25T19:43:51Z",
      "checksum":"f1daa5f4708a28b872ba8894b9ebe7a0"
    },
    "sites/dupe_sh/content/manuscripts/off on a coding adventure.md":{
      "file_size":"1.71 KiB",
      "metadata_checksum":"3c041f5ef3d1bf5bd841ac85fe39772a",
      "last_modified_ts":"2026-01-02T00:56:22Z",
      "checksum":"db1dc115b3dec4a2b5af31ae96a6c2fe"
    },
    "sites/dupe_sh/content/bookshelf/curriculums/interview prep/storing data/db data structures.md":{
      "file_size":"911.00 B",
      "metadata_checksum":"99914b932bd37a50b983c5e7c90ae93b",
      "last_modified_ts":"2024-11-03T20:37:19Z",
      "checksum":"3a7a4e6ca6076bd0fda11b1789513779"
    },
    "sites/dupe_sh/content/wikilinks-demo.md":{
      "file_size":"3.36 KiB",
      "metadata_checksum":"caa62fb70e900d2203b1eebf326027dc",
      "last_modified_ts":"2026-01-02T00:53:05Z",
      "checksum":"eb25350b108aca9e37c1924e23f251cf"
    },
    "sites/dupe_sh/content/bookshelf/curriculums/interview prep/coding and algorithms concepts.md":{
      "file_size":"55.20 KiB",
      "metadata_checksum":"99914b932bd37a50b983c5e7c90ae93b",
      "last_modified_ts":"2024-12-12T18:07:02Z",
      "checksum":"5d63d59f71a996d6309a86c77d1d8da4"
    }
  }
}